
Microsoft Visual Studio Solution File, Format Version 12.00
# Visual Studio Version 16
VisualStudioVersion = 16.0.30611.23
MinimumVisualStudioVersion = 10.0.40219.1
Project("{9A19103F-16F7-4668-BE54-9A1E7A4F7556}") = "ApiJWT", "ApiJWT\ApiJWT.csproj", "{A1795B03-4339-4196-A595-747F48020EAC}"
EndProject
Project("{FAE04EC0-301F-11D3-BF4B-00C04F79EFBC}") = "ServiceBus", "ServiceBus\ServiceBus.csproj", "{B05F6B8D-3488-4274-BE6B-E4FF30BD24AC}"
EndProject
Global
	GlobalSection(SolutionConfigurationPlatforms) = preSolution
		Debug|Any CPU = Debug|Any CPU
		Release|Any CPU = Release|Any CPU
	EndGlobalSection
	GlobalSection(ProjectConfigurationPlatforms) = postSolution
		{A1795B03-4339-4196-A595-747F48020EAC}.Debug|Any CPU.ActiveCfg = Debug|Any CPU
		{A1795B03-4339-4196-A595-747F48020EAC}.Debug|Any CPU.Build.0 = Debug|Any CPU
		{A1795B03-4339-4196-A595-747F48020EAC}.Release|Any CPU.ActiveCfg = Release|Any CPU
		{A1795B03-4339-4196-A595-747F48020EAC}.Release|Any CPU.Build.0 = Release|Any CPU
		{B05F6B8D-3488-4274-BE6B-E4FF30BD24AC}.Debug|Any CPU.ActiveCfg = Debug|Any CPU
		{B05F6B8D-3488-4274-BE6B-E4FF30BD24AC}.Debug|Any CPU.Build.0 = Debug|Any CPU
		{B05F6B8D-3488-4274-BE6B-E4FF30BD24AC}.Release|Any CPU.ActiveCfg = Release|Any CPU
		{B05F6B8D-3488-4274-BE6B-E4FF30BD24AC}.Release|Any CPU.Build.0 = Release|Any CPU
	EndGlobalSection
	GlobalSection(SolutionProperties) = preSolution
		HideSolutionNode = FALSE
	EndGlobalSection
	GlobalSection(ExtensibilityGlobals) = postSolution
		SolutionGuid = {3F7FBCD0-FF46-4939-9853-569EF19CA480}
	EndGlobalSection
EndGlobal
